
Microsoft Visual Studio Solution File, Format Version 12.00
# Visual Studio Version 17
VisualStudioVersion = 17.3.32811.315
MinimumVisualStudioVersion = 10.0.40219.1
Project("{FAE04EC0-301F-11D3-BF4B-00C04F79EFBC}") = "CodeBodyFitness", "CodeBodyFitness\CodeBodyFitness.csproj", "{E5699D65-5D2D-4F06-AFA4-80FF908B6DA2}"
EndProject
Global
	GlobalSection(SolutionConfigurationPlatforms) = preSolution
		Debug|Any CPU = Debug|Any CPU
		Release|Any CPU = Release|Any CPU
	EndGlobalSection
	GlobalSection(ProjectConfigurationPlatforms) = postSolution
		{E5699D65-5D2D-4F06-AFA4-80FF908B6DA2}.Debug|Any CPU.ActiveCfg = Debug|Any CPU
		{E5699D65-5D2D-4F06-AFA4-80FF908B6DA2}.Debug|Any CPU.Build.0 = Debug|Any CPU
		{E5699D65-5D2D-4F06-AFA4-80FF908B6DA2}.Release|Any CPU.ActiveCfg = Release|Any CPU
		{E5699D65-5D2D-4F06-AFA4-80FF908B6DA2}.Release|Any CPU.Build.0 = Release|Any CPU
	EndGlobalSection
	GlobalSection(SolutionProperties) = preSolution
		HideSolutionNode = FALSE
	EndGlobalSection
	GlobalSection(ExtensibilityGlobals) = postSolution
		SolutionGuid = {27A6B601-2E85-4A1D-8AA6-F53667552E9B}
	EndGlobalSection
EndGlobal
